
Microsoft Visual Studio Solution File, Format Version 12.00
# Visual Studio 15
VisualStudioVersion = 15.0.27130.2024
MinimumVisualStudioVersion = 10.0.40219.1
Project("{FAE04EC0-301F-11D3-BF4B-00C04F79EFBC}") = "MyFirstGitHubClassRoomConsoleApp", "MyFirstGitHubClassRoomConsoleApp\MyFirstGitHubClassRoomConsoleApp.csproj", "{4107F794-ADDF-4B91-A205-84DF85F025A0}"
EndProject
Global
	GlobalSection(SolutionConfigurationPlatforms) = preSolution
		Debug|Any CPU = Debug|Any CPU
		Release|Any CPU = Release|Any CPU
	EndGlobalSection
	GlobalSection(ProjectConfigurationPlatforms) = postSolution
		{4107F794-ADDF-4B91-A205-84DF85F025A0}.Debug|Any CPU.ActiveCfg = Debug|Any CPU
		{4107F794-ADDF-4B91-A205-84DF85F025A0}.Debug|Any CPU.Build.0 = Debug|Any CPU
		{4107F794-ADDF-4B91-A205-84DF85F025A0}.Release|Any CPU.ActiveCfg = Release|Any CPU
		{4107F794-ADDF-4B91-A205-84DF85F025A0}.Release|Any CPU.Build.0 = Release|Any CPU
	EndGlobalSection
	GlobalSection(SolutionProperties) = preSolution
		HideSolutionNode = FALSE
	EndGlobalSection
	GlobalSection(ExtensibilityGlobals) = postSolution
		SolutionGuid = {BB294ED2-F195-4C82-A90E-2413D39D3532}
	EndGlobalSection
EndGlobal
